<?xml version="1.0" encoding="utf-8"?>
<Project ToolsVersion="4.0" xmlns="http://schemas.microsoft.com/developer/msbuild/2003">
  <ItemGroup>
    <Filter Include="layers">
      <UniqueIdentifier>{3588EB0A-212A-16E1-0AE5-2935F6259D31}</UniqueIdentifier>
    </Filter>
    <Filter Include="levels">
      <UniqueIdentifier>{5044320B-3CE6-5CE1-25A1-703511E2E331}</UniqueIdentifier>
    </Filter>
    <Filter Include="objects">
      <UniqueIdentifier>{EFBE9050-5B9E-0FEC-64B6-9AC2D014764D}</UniqueIdentifier>
    </Filter>
    <Filter Include="objects\items">
      <UniqueIdentifier>{C0D09588-2C91-11BF-F5CB-5A3C614B569B}</UniqueIdentifier>
    </Filter>
  </ItemGroup>
  <ItemGroup>
    <ClInclude Include="src\core.h" />
    <ClInclude Include="src\layers\GameLayer.h">
      <Filter>layers</Filter>
    </ClInclude>
    <ClInclude Include="src\levels\Level.h">
      <Filter>levels</Filter>
    </ClInclude>
    <ClInclude Include="src\levels\Menu.h">
      <Filter>levels</Filter>
    </ClInclude>
    <ClInclude Include="src\levels\ShackExt.h">
      <Filter>levels</Filter>
    </ClInclude>
    <ClInclude Include="src\levels\ShackInt.h">
      <Filter>levels</Filter>
    </ClInclude>
    <ClInclude Include="src\objects\Items.h">
      <Filter>objects</Filter>
    </ClInclude>
    <ClInclude Include="src\objects\Object.h">
      <Filter>objects</Filter>
    </ClInclude>
    <ClInclude Include="src\objects\items\Boof.h">
      <Filter>objects\items</Filter>
    </ClInclude>
    <ClInclude Include="src\objects\items\Chip.h">
      <Filter>objects\items</Filter>
    </ClInclude>
    <ClInclude Include="src\objects\items\Exhale.h">
      <Filter>objects\items</Filter>
    </ClInclude>
    <ClInclude Include="src\objects\items\Guy.h">
      <Filter>objects\items</Filter>
    </ClInclude>
    <ClInclude Include="src\objects\items\Knife.h">
      <Filter>objects\items</Filter>
    </ClInclude>
  </ItemGroup>
  <ItemGroup>
    <ClCompile Include="src\WeedGame.cpp" />
    <ClCompile Include="src\layers\GameLayer.cpp">
      <Filter>layers</Filter>
    </ClCompile>
    <ClCompile Include="src\levels\Menu.cpp">
      <Filter>levels</Filter>
    </ClCompile>
    <ClCompile Include="src\levels\ShackExt.cpp">
      <Filter>levels</Filter>
    </ClCompile>
    <ClCompile Include="src\levels\ShackInt.cpp">
      <Filter>levels</Filter>
    </ClCompile>
    <ClCompile Include="src\objects\Object.cpp">
      <Filter>objects</Filter>
    </ClCompile>
    <ClCompile Include="src\objects\items\Boof.cpp">
      <Filter>objects\items</Filter>
    </ClCompile>
    <ClCompile Include="src\objects\items\Chip.cpp">
      <Filter>objects\items</Filter>
    </ClCompile>
    <ClCompile Include="src\objects\items\Exhale.cpp">
      <Filter>objects\items</Filter>
    </ClCompile>
    <ClCompile Include="src\objects\items\Guy.cpp">
      <Filter>objects\items</Filter>
    </ClCompile>
    <ClCompile Include="src\objects\items\Knife.cpp">
      <Filter>objects\items</Filter>
    </ClCompile>
  </ItemGroup>
</Project>